
Microsoft Visual Studio Solution File, Format Version 12.00
# Visual Studio 14
VisualStudioVersion = 14.0.25420.1
MinimumVisualStudioVersion = 10.0.40219.1
Project("{FAE04EC0-301F-11D3-BF4B-00C04F79EFBC}") = "Sitcoms", "Sitcom\Sitcoms.csproj", "{327AAF88-A747-48D9-8E67-4267A3B65741}"
EndProject
Project("{FAE04EC0-301F-11D3-BF4B-00C04F79EFBC}") = "Sitcoms.Core", "Sitcoms.Core\Sitcoms.Core.csproj", "{3FED4FC3-01F4-417C-89D8-BB2A392689C1}"
EndProject
Project("{FAE04EC0-301F-11D3-BF4B-00C04F79EFBC}") = "Sitcoms.Persistence", "Sitcoms.Persistence\Sitcoms.Persistence.csproj", "{880B8254-2CB7-4DE7-A741-2C55875F121F}"
EndProject
Project("{FAE04EC0-301F-11D3-BF4B-00C04F79EFBC}") = "Sitcoms.Tests", "Sitcoms.Tests\Sitcoms.Tests.csproj", "{7924ADEF-77E2-4900-94EB-30128AFF3582}"
EndProject
Global
	GlobalSection(SolutionConfigurationPlatforms) = preSolution
		Debug|Any CPU = Debug|Any CPU
		Debug|ARM = Debug|ARM
		Debug|x64 = Debug|x64
		Debug|x86 = Debug|x86
		Release|Any CPU = Release|Any CPU
		Release|ARM = Release|ARM
		Release|x64 = Release|x64
		Release|x86 = Release|x86
	EndGlobalSection
	GlobalSection(ProjectConfigurationPlatforms) = postSolution
		{327AAF88-A747-48D9-8E67-4267A3B65741}.Debug|Any CPU.ActiveCfg = Debug|Any CPU
		{327AAF88-A747-48D9-8E67-4267A3B65741}.Debug|Any CPU.Build.0 = Debug|Any CPU
		{327AAF88-A747-48D9-8E67-4267A3B65741}.Debug|ARM.ActiveCfg = Debug|Any CPU
		{327AAF88-A747-48D9-8E67-4267A3B65741}.Debug|ARM.Build.0 = Debug|Any CPU
		{327AAF88-A747-48D9-8E67-4267A3B65741}.Debug|x64.ActiveCfg = Debug|Any CPU
		{327AAF88-A747-48D9-8E67-4267A3B65741}.Debug|x64.Build.0 = Debug|Any CPU
		{327AAF88-A747-48D9-8E67-4267A3B65741}.Debug|x86.ActiveCfg = Debug|Any CPU
		{327AAF88-A747-48D9-8E67-4267A3B65741}.Debug|x86.Build.0 = Debug|Any CPU
		{327AAF88-A747-48D9-8E67-4267A3B65741}.Release|Any CPU.ActiveCfg = Release|Any CPU
		{327AAF88-A747-48D9-8E67-4267A3B65741}.Release|Any CPU.Build.0 = Release|Any CPU
		{327AAF88-A747-48D9-8E67-4267A3B65741}.Release|ARM.ActiveCfg = Release|Any CPU
		{327AAF88-A747-48D9-8E67-4267A3B65741}.Release|ARM.Build.0 = Release|Any CPU
		{327AAF88-A747-48D9-8E67-4267A3B65741}.Release|x64.ActiveCfg = Release|Any CPU
		{327AAF88-A747-48D9-8E67-4267A3B65741}.Release|x64.Build.0 = Release|Any CPU
		{327AAF88-A747-48D9-8E67-4267A3B65741}.Release|x86.ActiveCfg = Release|Any CPU
		{327AAF88-A747-48D9-8E67-4267A3B65741}.Release|x86.Build.0 = Release|Any CPU
		{3FED4FC3-01F4-417C-89D8-BB2A392689C1}.Debug|Any CPU.ActiveCfg = Debug|Any CPU
		{3FED4FC3-01F4-417C-89D8-BB2A392689C1}.Debug|Any CPU.Build.0 = Debug|Any CPU
		{3FED4FC3-01F4-417C-89D8-BB2A392689C1}.Debug|ARM.ActiveCfg = Debug|Any CPU
		{3FED4FC3-01F4-417C-89D8-BB2A392689C1}.Debug|ARM.Build.0 = Debug|Any CPU
		{3FED4FC3-01F4-417C-89D8-BB2A392689C1}.Debug|x64.ActiveCfg = Debug|Any CPU
		{3FED4FC3-01F4-417C-89D8-BB2A392689C1}.Debug|x64.Build.0 = Debug|Any CPU
		{3FED4FC3-01F4-417C-89D8-BB2A392689C1}.Debug|x86.ActiveCfg = Debug|Any CPU
		{3FED4FC3-01F4-417C-89D8-BB2A392689C1}.Debug|x86.Build.0 = Debug|Any CPU
		{3FED4FC3-01F4-417C-89D8-BB2A392689C1}.Release|Any CPU.ActiveCfg = Release|Any CPU
		{3FED4FC3-01F4-417C-89D8-BB2A392689C1}.Release|Any CPU.Build.0 = Release|Any CPU
		{3FED4FC3-01F4-417C-89D8-BB2A392689C1}.Release|ARM.ActiveCfg = Release|Any CPU
		{3FED4FC3-01F4-417C-89D8-BB2A392689C1}.Release|ARM.Build.0 = Release|Any CPU
		{3FED4FC3-01F4-417C-89D8-BB2A392689C1}.Release|x64.ActiveCfg = Release|Any CPU
		{3FED4FC3-01F4-417C-89D8-BB2A392689C1}.Release|x64.Build.0 = Release|Any CPU
		{3FED4FC3-01F4-417C-89D8-BB2A392689C1}.Release|x86.ActiveCfg = Release|Any CPU
		{3FED4FC3-01F4-417C-89D8-BB2A392689C1}.Release|x86.Build.0 = Release|Any CPU
		{880B8254-2CB7-4DE7-A741-2C55875F121F}.Debug|Any CPU.ActiveCfg = Debug|Any CPU
		{880B8254-2CB7-4DE7-A741-2C55875F121F}.Debug|Any CPU.Build.0 = Debug|Any CPU
		{880B8254-2CB7-4DE7-A741-2C55875F121F}.Debug|ARM.ActiveCfg = Debug|Any CPU
		{880B8254-2CB7-4DE7-A741-2C55875F121F}.Debug|ARM.Build.0 = Debug|Any CPU
		{880B8254-2CB7-4DE7-A741-2C55875F121F}.Debug|x64.ActiveCfg = Debug|Any CPU
		{880B8254-2CB7-4DE7-A741-2C55875F121F}.Debug|x64.Build.0 = Debug|Any CPU
		{880B8254-2CB7-4DE7-A741-2C55875F121F}.Debug|x86.ActiveCfg = Debug|Any CPU
		{880B8254-2CB7-4DE7-A741-2C55875F121F}.Debug|x86.Build.0 = Debug|Any CPU
		{880B8254-2CB7-4DE7-A741-2C55875F121F}.Release|Any CPU.ActiveCfg = Release|Any CPU
		{880B8254-2CB7-4DE7-A741-2C55875F121F}.Release|Any CPU.Build.0 = Release|Any CPU
		{880B8254-2CB7-4DE7-A741-2C55875F121F}.Release|ARM.ActiveCfg = Release|Any CPU
		{880B8254-2CB7-4DE7-A741-2C55875F121F}.Release|ARM.Build.0 = Release|Any CPU
		{880B8254-2CB7-4DE7-A741-2C55875F121F}.Release|x64.ActiveCfg = Release|Any CPU
		{880B8254-2CB7-4DE7-A741-2C55875F121F}.Release|x64.Build.0 = Release|Any CPU
		{880B8254-2CB7-4DE7-A741-2C55875F121F}.Release|x86.ActiveCfg = Release|Any CPU
		{880B8254-2CB7-4DE7-A741-2C55875F121F}.Release|x86.Build.0 = Release|Any CPU
		{7924ADEF-77E2-4900-94EB-30128AFF3582}.Debug|Any CPU.ActiveCfg = Debug|Any CPU
		{7924ADEF-77E2-4900-94EB-30128AFF3582}.Debug|Any CPU.Build.0 = Debug|Any CPU
		{7924ADEF-77E2-4900-94EB-30128AFF3582}.Debug|ARM.ActiveCfg = Debug|Any CPU
		{7924ADEF-77E2-4900-94EB-30128AFF3582}.Debug|ARM.Build.0 = Debug|Any CPU
		{7924ADEF-77E2-4900-94EB-30128AFF3582}.Debug|x64.ActiveCfg = Debug|Any CPU
		{7924ADEF-77E2-4900-94EB-30128AFF3582}.Debug|x64.Build.0 = Debug|Any CPU
		{7924ADEF-77E2-4900-94EB-30128AFF3582}.Debug|x86.ActiveCfg = Debug|Any CPU
		{7924ADEF-77E2-4900-94EB-30128AFF3582}.Debug|x86.Build.0 = Debug|Any CPU
		{7924ADEF-77E2-4900-94EB-30128AFF3582}.Release|Any CPU.ActiveCfg = Release|Any CPU
		{7924ADEF-77E2-4900-94EB-30128AFF3582}.Release|Any CPU.Build.0 = Release|Any CPU
		{7924ADEF-77E2-4900-94EB-30128AFF3582}.Release|ARM.ActiveCfg = Release|Any CPU
		{7924ADEF-77E2-4900-94EB-30128AFF3582}.Release|ARM.Build.0 = Release|Any CPU
		{7924ADEF-77E2-4900-94EB-30128AFF3582}.Release|x64.ActiveCfg = Release|Any CPU
		{7924ADEF-77E2-4900-94EB-30128AFF3582}.Release|x64.Build.0 = Release|Any CPU
		{7924ADEF-77E2-4900-94EB-30128AFF3582}.Release|x86.ActiveCfg = Release|Any CPU
		{7924ADEF-77E2-4900-94EB-30128AFF3582}.Release|x86.Build.0 = Release|Any CPU
	EndGlobalSection
	GlobalSection(SolutionProperties) = preSolution
		HideSolutionNode = FALSE
	EndGlobalSection
EndGlobal
